
Microsoft Visual Studio Solution File, Format Version 12.00
# Visual Studio Version 17
VisualStudioVersion = 17.5.002.0
MinimumVisualStudioVersion = 10.0.40219.1
Project("{9A19103F-16F7-4668-BE54-9A1E7A4F7556}") = "apl2003", "apl2003.csproj", "{AC1D433A-5560-4F7F-8DF8-11F1B23BD93E}"
EndProject
Global
	GlobalSection(SolutionConfigurationPlatforms) = preSolution
		Debug|Any CPU = Debug|Any CPU
		Release|Any CPU = Release|Any CPU
	EndGlobalSection
	GlobalSection(ProjectConfigurationPlatforms) = postSolution
		{AC1D433A-5560-4F7F-8DF8-11F1B23BD93E}.Debug|Any CPU.ActiveCfg = Debug|Any CPU
		{AC1D433A-5560-4F7F-8DF8-11F1B23BD93E}.Debug|Any CPU.Build.0 = Debug|Any CPU
		{AC1D433A-5560-4F7F-8DF8-11F1B23BD93E}.Release|Any CPU.ActiveCfg = Release|Any CPU
		{AC1D433A-5560-4F7F-8DF8-11F1B23BD93E}.Release|Any CPU.Build.0 = Release|Any CPU
	EndGlobalSection
	GlobalSection(SolutionProperties) = preSolution
		HideSolutionNode = FALSE
	EndGlobalSection
	GlobalSection(ExtensibilityGlobals) = postSolution
		SolutionGuid = {3F8DAA39-E24A-44F2-A806-D3671C1E0B41}
	EndGlobalSection
EndGlobal
